
Microsoft Visual Studio Solution File, Format Version 12.00
# Visual Studio Version 16
VisualStudioVersion = 16.0.30804.86
MinimumVisualStudioVersion = 10.0.40219.1
Project("{FAE04EC0-301F-11D3-BF4B-00C04F79EFBC}") = "ApplicationInsights.Demo", "ApplicationInsights.Demo\ApplicationInsights.Demo.csproj", "{AD044085-A1AE-48FA-9F79-6FEE0BFA59F5}"
EndProject
Global
	GlobalSection(SolutionConfigurationPlatforms) = preSolution
		Debug|Any CPU = Debug|Any CPU
		Release|Any CPU = Release|Any CPU
	EndGlobalSection
	GlobalSection(ProjectConfigurationPlatforms) = postSolution
		{AD044085-A1AE-48FA-9F79-6FEE0BFA59F5}.Debug|Any CPU.ActiveCfg = Debug|Any CPU
		{AD044085-A1AE-48FA-9F79-6FEE0BFA59F5}.Debug|Any CPU.Build.0 = Debug|Any CPU
		{AD044085-A1AE-48FA-9F79-6FEE0BFA59F5}.Release|Any CPU.ActiveCfg = Release|Any CPU
		{AD044085-A1AE-48FA-9F79-6FEE0BFA59F5}.Release|Any CPU.Build.0 = Release|Any CPU
	EndGlobalSection
	GlobalSection(SolutionProperties) = preSolution
		HideSolutionNode = FALSE
	EndGlobalSection
	GlobalSection(ExtensibilityGlobals) = postSolution
		SolutionGuid = {3A77098B-78DD-4A52-9675-126F735AB708}
	EndGlobalSection
EndGlobal
